// !$*UTF8*$!
{
	archiveVersion = 1;
	classes = {
	};
	objectVersion = 50;
	objects = {

/* Begin PBXBuildFile section */
		0F2CA17F23A1B13D00986AF9 /* AppDelegate.swift in Sources */ = {isa = PBXBuildFile; fileRef = 0F2CA17E23A1B13D00986AF9 /* AppDelegate.swift */; };
		0F2CA18123A1B13D00986AF9 /* ViewController.swift in Sources */ = {isa = PBXBuildFile; fileRef = 0F2CA18023A1B13D00986AF9 /* ViewController.swift */; };
		0F2CA18423A1B13D00986AF9 /* Main.storyboard in Resources */ = {isa = PBXBuildFile; fileRef = 0F2CA18223A1B13D00986AF9 /* Main.storyboard */; };
		0F2CA18623A1B13E00986AF9 /* Assets.xcassets in Resources */ = {isa = PBXBuildFile; fileRef = 0F2CA18523A1B13E00986AF9 /* Assets.xcassets */; };
		0F2CA18923A1B13E00986AF9 /* LaunchScreen.storyboard in Resources */ = {isa = PBXBuildFile; fileRef = 0F2CA18723A1B13E00986AF9 /* LaunchScreen.storyboard */; };
		8053120A23A3C80C00DA0050 /* CardIssuersModel.swift in Sources */ = {isa = PBXBuildFile; fileRef = 8053120923A3C80C00DA0050 /* CardIssuersModel.swift */; };
		8053120C23A3CBCD00DA0050 /* CardIssuersDAO.swift in Sources */ = {isa = PBXBuildFile; fileRef = 8053120B23A3CBCD00DA0050 /* CardIssuersDAO.swift */; };
		8053120E23A3CD4200DA0050 /* CardIssuersService.swift in Sources */ = {isa = PBXBuildFile; fileRef = 8053120D23A3CD4200DA0050 /* CardIssuersService.swift */; };
		8053121023A3CED900DA0050 /* BanksViewController.swift in Sources */ = {isa = PBXBuildFile; fileRef = 8053120F23A3CED900DA0050 /* BanksViewController.swift */; };
		808F607723A3EC7F0036661B /* CardDetailViewController.swift in Sources */ = {isa = PBXBuildFile; fileRef = 808F607523A3EC7F0036661B /* CardDetailViewController.swift */; };
		808F607823A3EC7F0036661B /* CardDetailViewController.xib in Resources */ = {isa = PBXBuildFile; fileRef = 808F607623A3EC7F0036661B /* CardDetailViewController.xib */; };
		80DFB7FE23A287F60011353D /* PaymentMethodService.swift in Sources */ = {isa = PBXBuildFile; fileRef = 80DFB7FD23A287F60011353D /* PaymentMethodService.swift */; };
		80DFB80023A288040011353D /* PaymentMethodDAO.swift in Sources */ = {isa = PBXBuildFile; fileRef = 80DFB7FF23A288040011353D /* PaymentMethodDAO.swift */; };
		80DFB80323A28F2E0011353D /* ConstantUrlApi.swift in Sources */ = {isa = PBXBuildFile; fileRef = 80DFB80223A28F2E0011353D /* ConstantUrlApi.swift */; };
		80DFB80523A291860011353D /* PaymentMethodModel.swift in Sources */ = {isa = PBXBuildFile; fileRef = 80DFB80423A291860011353D /* PaymentMethodModel.swift */; };
		80DFB80723A2B19E0011353D /* PaymentMethodsTableViewController.swift in Sources */ = {isa = PBXBuildFile; fileRef = 80DFB80623A2B19E0011353D /* PaymentMethodsTableViewController.swift */; };
		80DFB80F23A2D5110011353D /* PaymentMethodCell.swift in Sources */ = {isa = PBXBuildFile; fileRef = 80DFB80D23A2D5110011353D /* PaymentMethodCell.swift */; };
		80DFB81023A2D5110011353D /* PaymentMethodCell.xib in Resources */ = {isa = PBXBuildFile; fileRef = 80DFB80E23A2D5110011353D /* PaymentMethodCell.xib */; };
		91F76FCAAF81973DF001A9B0 /* Pods_PaymentApp.framework in Frameworks */ = {isa = PBXBuildFile; fileRef = 1FE10345949922D32417C947 /* Pods_PaymentApp.framework */; };
/* End PBXBuildFile section */

/* Begin PBXFileReference section */
		0F2CA17B23A1B13D00986AF9 /* PaymentApp.app */ = {isa = PBXFileReference; explicitFileType = wrapper.application; includeInIndex = 0; path = PaymentApp.app; sourceTree = BUILT_PRODUCTS_DIR; };
		0F2CA17E23A1B13D00986AF9 /* AppDelegate.swift */ = {isa = PBXFileReference; lastKnownFileType = sourcecode.swift; path = AppDelegate.swift; sourceTree = "<group>"; };
		0F2CA18023A1B13D00986AF9 /* ViewController.swift */ = {isa = PBXFileReference; lastKnownFileType = sourcecode.swift; path = ViewController.swift; sourceTree = "<group>"; };
		0F2CA18323A1B13D00986AF9 /* Base */ = {isa = PBXFileReference; lastKnownFileType = file.storyboard; name = Base; path = Base.lproj/Main.storyboard; sourceTree = "<group>"; };
		0F2CA18523A1B13E00986AF9 /* Assets.xcassets */ = {isa = PBXFileReference; lastKnownFileType = folder.assetcatalog; path = Assets.xcassets; sourceTree = "<group>"; };
		0F2CA18823A1B13E00986AF9 /* Base */ = {isa = PBXFileReference; lastKnownFileType = file.storyboard; name = Base; path = Base.lproj/LaunchScreen.storyboard; sourceTree = "<group>"; };
		0F2CA18A23A1B13E00986AF9 /* Info.plist */ = {isa = PBXFileReference; lastKnownFileType = text.plist.xml; path = Info.plist; sourceTree = "<group>"; };
		1FE10345949922D32417C947 /* Pods_PaymentApp.framework */ = {isa = PBXFileReference; explicitFileType = wrapper.framework; includeInIndex = 0; path = Pods_PaymentApp.framework; sourceTree = BUILT_PRODUCTS_DIR; };
		271B4474F267542E34327320 /* Pods-PaymentApp.release.xcconfig */ = {isa = PBXFileReference; includeInIndex = 1; lastKnownFileType = text.xcconfig; name = "Pods-PaymentApp.release.xcconfig"; path = "Pods/Target Support Files/Pods-PaymentApp/Pods-PaymentApp.release.xcconfig"; sourceTree = "<group>"; };
		5EE48D18980C2BCC8AF903DF /* Pods-PaymentApp.debug.xcconfig */ = {isa = PBXFileReference; includeInIndex = 1; lastKnownFileType = text.xcconfig; name = "Pods-PaymentApp.debug.xcconfig"; path = "Pods/Target Support Files/Pods-PaymentApp/Pods-PaymentApp.debug.xcconfig"; sourceTree = "<group>"; };
		8053120923A3C80C00DA0050 /* CardIssuersModel.swift */ = {isa = PBXFileReference; lastKnownFileType = sourcecode.swift; path = CardIssuersModel.swift; sourceTree = "<group>"; };
		8053120B23A3CBCD00DA0050 /* CardIssuersDAO.swift */ = {isa = PBXFileReference; lastKnownFileType = sourcecode.swift; path = CardIssuersDAO.swift; sourceTree = "<group>"; };
		8053120D23A3CD4200DA0050 /* CardIssuersService.swift */ = {isa = PBXFileReference; lastKnownFileType = sourcecode.swift; path = CardIssuersService.swift; sourceTree = "<group>"; };
		8053120F23A3CED900DA0050 /* BanksViewController.swift */ = {isa = PBXFileReference; lastKnownFileType = sourcecode.swift; path = BanksViewController.swift; sourceTree = "<group>"; };
		808F607523A3EC7F0036661B /* CardDetailViewController.swift */ = {isa = PBXFileReference; lastKnownFileType = sourcecode.swift; path = CardDetailViewController.swift; sourceTree = "<group>"; };
		808F607623A3EC7F0036661B /* CardDetailViewController.xib */ = {isa = PBXFileReference; lastKnownFileType = file.xib; path = CardDetailViewController.xib; sourceTree = "<group>"; };
		80DFB7FD23A287F60011353D /* PaymentMethodService.swift */ = {isa = PBXFileReference; lastKnownFileType = sourcecode.swift; path = PaymentMethodService.swift; sourceTree = "<group>"; };
		80DFB7FF23A288040011353D /* PaymentMethodDAO.swift */ = {isa = PBXFileReference; lastKnownFileType = sourcecode.swift; path = PaymentMethodDAO.swift; sourceTree = "<group>"; };
		80DFB80223A28F2E0011353D /* ConstantUrlApi.swift */ = {isa = PBXFileReference; lastKnownFileType = sourcecode.swift; path = ConstantUrlApi.swift; sourceTree = "<group>"; };
		80DFB80423A291860011353D /* PaymentMethodModel.swift */ = {isa = PBXFileReference; lastKnownFileType = sourcecode.swift; path = PaymentMethodModel.swift; sourceTree = "<group>"; };
		80DFB80623A2B19E0011353D /* PaymentMethodsTableViewController.swift */ = {isa = PBXFileReference; lastKnownFileType = sourcecode.swift; path = PaymentMethodsTableViewController.swift; sourceTree = "<group>"; };
		80DFB80D23A2D5110011353D /* PaymentMethodCell.swift */ = {isa = PBXFileReference; lastKnownFileType = sourcecode.swift; path = PaymentMethodCell.swift; sourceTree = "<group>"; };
		80DFB80E23A2D5110011353D /* PaymentMethodCell.xib */ = {isa = PBXFileReference; lastKnownFileType = file.xib; path = PaymentMethodCell.xib; sourceTree = "<group>"; };
/* End PBXFileReference section */

/* Begin PBXFrameworksBuildPhase section */
		0F2CA17823A1B13D00986AF9 /* Frameworks */ = {
			isa = PBXFrameworksBuildPhase;
			buildActionMask = 2147483647;
			files = (
				91F76FCAAF81973DF001A9B0 /* Pods_PaymentApp.framework in Frameworks */,
			);
			runOnlyForDeploymentPostprocessing = 0;
		};
/* End PBXFrameworksBuildPhase section */

/* Begin PBXGroup section */
		0F2CA17223A1B13D00986AF9 = {
			isa = PBXGroup;
			children = (
				0F2CA17D23A1B13D00986AF9 /* PaymentApp */,
				0F2CA17C23A1B13D00986AF9 /* Products */,
				3EF0BB50D4B1F0F9C0A56B1B /* Pods */,
				663FF7835DDE0FAE898BD08E /* Frameworks */,
			);
			sourceTree = "<group>";
		};
		0F2CA17C23A1B13D00986AF9 /* Products */ = {
			isa = PBXGroup;
			children = (
				0F2CA17B23A1B13D00986AF9 /* PaymentApp.app */,
			);
			name = Products;
			sourceTree = "<group>";
		};
		0F2CA17D23A1B13D00986AF9 /* PaymentApp */ = {
			isa = PBXGroup;
			children = (
				80DFB80823A2C53B0011353D /* view */,
				80DFB80123A28E160011353D /* model */,
				80DFB7FC23A287D80011353D /* dao */,
				80DFB7FB23A287D00011353D /* service */,
				0F2CA17E23A1B13D00986AF9 /* AppDelegate.swift */,
				0F2CA18023A1B13D00986AF9 /* ViewController.swift */,
				80DFB80623A2B19E0011353D /* PaymentMethodsTableViewController.swift */,
				8053120F23A3CED900DA0050 /* BanksViewController.swift */,
				0F2CA18223A1B13D00986AF9 /* Main.storyboard */,
				0F2CA18523A1B13E00986AF9 /* Assets.xcassets */,
				0F2CA18723A1B13E00986AF9 /* LaunchScreen.storyboard */,
				0F2CA18A23A1B13E00986AF9 /* Info.plist */,
				80DFB80223A28F2E0011353D /* ConstantUrlApi.swift */,
			);
			path = PaymentApp;
			sourceTree = "<group>";
		};
		3EF0BB50D4B1F0F9C0A56B1B /* Pods */ = {
			isa = PBXGroup;
			children = (
				5EE48D18980C2BCC8AF903DF /* Pods-PaymentApp.debug.xcconfig */,
				271B4474F267542E34327320 /* Pods-PaymentApp.release.xcconfig */,
			);
			name = Pods;
			sourceTree = "<group>";
		};
		663FF7835DDE0FAE898BD08E /* Frameworks */ = {
			isa = PBXGroup;
			children = (
				1FE10345949922D32417C947 /* Pods_PaymentApp.framework */,
			);
			name = Frameworks;
			sourceTree = "<group>";
		};
		80DFB7FB23A287D00011353D /* service */ = {
			isa = PBXGroup;
			children = (
				80DFB7FD23A287F60011353D /* PaymentMethodService.swift */,
				8053120D23A3CD4200DA0050 /* CardIssuersService.swift */,
			);
			name = service;
			sourceTree = "<group>";
		};
		80DFB7FC23A287D80011353D /* dao */ = {
			isa = PBXGroup;
			children = (
				80DFB7FF23A288040011353D /* PaymentMethodDAO.swift */,
				8053120B23A3CBCD00DA0050 /* CardIssuersDAO.swift */,
			);
			path = dao;
			sourceTree = "<group>";
		};
		80DFB80123A28E160011353D /* model */ = {
			isa = PBXGroup;
			children = (
				80DFB80423A291860011353D /* PaymentMethodModel.swift */,
				8053120923A3C80C00DA0050 /* CardIssuersModel.swift */,
			);
			name = model;
			sourceTree = "<group>";
		};
		80DFB80823A2C53B0011353D /* view */ = {
			isa = PBXGroup;
			children = (
				80DFB80D23A2D5110011353D /* PaymentMethodCell.swift */,
				80DFB80E23A2D5110011353D /* PaymentMethodCell.xib */,
				808F607523A3EC7F0036661B /* CardDetailViewController.swift */,
				808F607623A3EC7F0036661B /* CardDetailViewController.xib */,
			);
			path = view;
			sourceTree = "<group>";
		};
/* End PBXGroup section */

/* Begin PBXNativeTarget section */
		0F2CA17A23A1B13D00986AF9 /* PaymentApp */ = {
			isa = PBXNativeTarget;
			buildConfigurationList = 0F2CA18D23A1B13E00986AF9 /* Build configuration list for PBXNativeTarget "PaymentApp" */;
			buildPhases = (
				B49B503175F799D0B300D218 /* [CP] Check Pods Manifest.lock */,
				0F2CA17723A1B13D00986AF9 /* Sources */,
				0F2CA17823A1B13D00986AF9 /* Frameworks */,
				0F2CA17923A1B13D00986AF9 /* Resources */,
				CC2CD3DCE488F322D98BD887 /* [CP] Embed Pods Frameworks */,
			);
			buildRules = (
			);
			dependencies = (
			);
			name = PaymentApp;
			productName = PaymentApp;
			productReference = 0F2CA17B23A1B13D00986AF9 /* PaymentApp.app */;
			productType = "com.apple.product-type.application";
		};
/* End PBXNativeTarget section */

/* Begin PBXProject section */
		0F2CA17323A1B13D00986AF9 /* Project object */ = {
			isa = PBXProject;
			attributes = {
				LastSwiftUpdateCheck = 1020;
				LastUpgradeCheck = 1020;
				ORGANIZATIONNAME = nistsugaDev.paymentApp;
				TargetAttributes = {
					0F2CA17A23A1B13D00986AF9 = {
						CreatedOnToolsVersion = 10.2;
					};
				};
			};
			buildConfigurationList = 0F2CA17623A1B13D00986AF9 /* Build configuration list for PBXProject "PaymentApp" */;
			compatibilityVersion = "Xcode 9.3";
			developmentRegion = en;
			hasScannedForEncodings = 0;
			knownRegions = (
				en,
				Base,
			);
			mainGroup = 0F2CA17223A1B13D00986AF9;
			productRefGroup = 0F2CA17C23A1B13D00986AF9 /* Products */;
			projectDirPath = "";
			projectRoot = "";
			targets = (
				0F2CA17A23A1B13D00986AF9 /* PaymentApp */,
			);
		};
/* End PBXProject section */

/* Begin PBXResourcesBuildPhase section */
		0F2CA17923A1B13D00986AF9 /* Resources */ = {
			isa = PBXResourcesBuildPhase;
			buildActionMask = 2147483647;
			files = (
				808F607823A3EC7F0036661B /* CardDetailViewController.xib in Resources */,
				0F2CA18923A1B13E00986AF9 /* LaunchScreen.storyboard in Resources */,
				80DFB81023A2D5110011353D /* PaymentMethodCell.xib in Resources */,
				0F2CA18623A1B13E00986AF9 /* Assets.xcassets in Resources */,
				0F2CA18423A1B13D00986AF9 /* Main.storyboard in Resources */,
			);
			runOnlyForDeploymentPostprocessing = 0;
		};
/* End PBXResourcesBuildPhase section */

/* Begin PBXShellScriptBuildPhase section */
		B49B503175F799D0B300D218 /* [CP] Check Pods Manifest.lock */ = {
			isa = PBXShellScriptBuildPhase;
			buildActionMask = 2147483647;
			files = (
			);
			inputFileListPaths = (
			);
			inputPaths = (
				"${PODS_PODFILE_DIR_PATH}/Podfile.lock",
				"${PODS_ROOT}/Manifest.lock",
			);
			name = "[CP] Check Pods Manifest.lock";
			outputFileListPaths = (
			);
			outputPaths = (
				"$(DERIVED_FILE_DIR)/Pods-PaymentApp-checkManifestLockResult.txt",
			);
			runOnlyForDeploymentPostprocessing = 0;
			shellPath = /bin/sh;
			shellScript = "diff \"${PODS_PODFILE_DIR_PATH}/Podfile.lock\" \"${PODS_ROOT}/Manifest.lock\" > /dev/null\nif [ $? != 0 ] ; then\n    # print error to STDERR\n    echo \"error: The sandbox is not in sync with the Podfile.lock. Run 'pod install' or update your CocoaPods installation.\" >&2\n    exit 1\nfi\n# This output is used by Xcode 'outputs' to avoid re-running this script phase.\necho \"SUCCESS\" > \"${SCRIPT_OUTPUT_FILE_0}\"\n";
			showEnvVarsInLog = 0;
		};
		CC2CD3DCE488F322D98BD887 /* [CP] Embed Pods Frameworks */ = {
			isa = PBXShellScriptBuildPhase;
			buildActionMask = 2147483647;
			files = (
			);
			inputFileListPaths = (
			);
			inputPaths = (
				"${SRCROOT}/Pods/Target Support Files/Pods-PaymentApp/Pods-PaymentApp-frameworks.sh",
				"${BUILT_PRODUCTS_DIR}/Alamofire/Alamofire.framework",
				"${BUILT_PRODUCTS_DIR}/Kingfisher/Kingfisher.framework",
				"${BUILT_PRODUCTS_DIR}/ObjectMapper/ObjectMapper.framework",
			);
			name = "[CP] Embed Pods Frameworks";
			outputFileListPaths = (
			);
			outputPaths = (
				"${TARGET_BUILD_DIR}/${FRAMEWORKS_FOLDER_PATH}/Alamofire.framework",
				"${TARGET_BUILD_DIR}/${FRAMEWORKS_FOLDER_PATH}/Kingfisher.framework",
				"${TARGET_BUILD_DIR}/${FRAMEWORKS_FOLDER_PATH}/ObjectMapper.framework",
			);
			runOnlyForDeploymentPostprocessing = 0;
			shellPath = /bin/sh;
			shellScript = "\"${SRCROOT}/Pods/Target Support Files/Pods-PaymentApp/Pods-PaymentApp-frameworks.sh\"\n";
			showEnvVarsInLog = 0;
		};
/* End PBXShellScriptBuildPhase section */

/* Begin PBXSourcesBuildPhase section */
		0F2CA17723A1B13D00986AF9 /* Sources */ = {
			isa = PBXSourcesBuildPhase;
			buildActionMask = 2147483647;
			files = (
				808F607723A3EC7F0036661B /* CardDetailViewController.swift in Sources */,
				80DFB80023A288040011353D /* PaymentMethodDAO.swift in Sources */,
				80DFB80F23A2D5110011353D /* PaymentMethodCell.swift in Sources */,
				80DFB80723A2B19E0011353D /* PaymentMethodsTableViewController.swift in Sources */,
				8053120E23A3CD4200DA0050 /* CardIssuersService.swift in Sources */,
				8053120C23A3CBCD00DA0050 /* CardIssuersDAO.swift in Sources */,
				0F2CA18123A1B13D00986AF9 /* ViewController.swift in Sources */,
				0F2CA17F23A1B13D00986AF9 /* AppDelegate.swift in Sources */,
				80DFB80523A291860011353D /* PaymentMethodModel.swift in Sources */,
				80DFB7FE23A287F60011353D /* PaymentMethodService.swift in Sources */,
				8053120A23A3C80C00DA0050 /* CardIssuersModel.swift in Sources */,
				8053121023A3CED900DA0050 /* BanksViewController.swift in Sources */,
				80DFB80323A28F2E0011353D /* ConstantUrlApi.swift in Sources */,
			);
			runOnlyForDeploymentPostprocessing = 0;
		};
/* End PBXSourcesBuildPhase section */

/* Begin PBXVariantGroup section */
		0F2CA18223A1B13D00986AF9 /* Main.storyboard */ = {
			isa = PBXVariantGroup;
			children = (
				0F2CA18323A1B13D00986AF9 /* Base */,
			);
			name = Main.storyboard;
			sourceTree = "<group>";
		};
		0F2CA18723A1B13E00986AF9 /* LaunchScreen.storyboard */ = {
			isa = PBXVariantGroup;
			children = (
				0F2CA18823A1B13E00986AF9 /* Base */,
			);
			name = LaunchScreen.storyboard;
			sourceTree = "<group>";
		};
/* End PBXVariantGroup section */

/* Begin XCBuildConfiguration section */
		0F2CA18B23A1B13E00986AF9 /* Debug */ = {
			isa = XCBuildConfiguration;
			buildSettings = {
				ALWAYS_SEARCH_USER_PATHS = NO;
				CLANG_ANALYZER_NONNULL = YES;
				CLANG_ANALYZER_NUMBER_OBJECT_CONVERSION = YES_AGGRESSIVE;
				CLANG_CXX_LANGUAGE_STANDARD = "gnu++14";
				CLANG_CXX_LIBRARY = "libc++";
				CLANG_ENABLE_MODULES = YES;
				CLANG_ENABLE_OBJC_ARC = YES;
				CLANG_ENABLE_OBJC_WEAK = YES;
				CLANG_WARN_BLOCK_CAPTURE_AUTORELEASING = YES;
				CLANG_WARN_BOOL_CONVERSION = YES;
				CLANG_WARN_COMMA = YES;
				CLANG_WARN_CONSTANT_CONVERSION = YES;
				CLANG_WARN_DEPRECATED_OBJC_IMPLEMENTATIONS = YES;
				CLANG_WARN_DIRECT_OBJC_ISA_USAGE = YES_ERROR;
				CLANG_WARN_DOCUMENTATION_COMMENTS = YES;
				CLANG_WARN_EMPTY_BODY = YES;
				CLANG_WARN_ENUM_CONVERSION = YES;
				CLANG_WARN_INFINITE_RECURSION = YES;
				CLANG_WARN_INT_CONVERSION = YES;
				CLANG_WARN_NON_LITERAL_NULL_CONVERSION = YES;
				CLANG_WARN_OBJC_IMPLICIT_RETAIN_SELF = YES;
				CLANG_WARN_OBJC_LITERAL_CONVERSION = YES;
				CLANG_WARN_OBJC_ROOT_CLASS = YES_ERROR;
				CLANG_WARN_RANGE_LOOP_ANALYSIS = YES;
				CLANG_WARN_STRICT_PROTOTYPES = YES;
				CLANG_WARN_SUSPICIOUS_MOVE = YES;
				CLANG_WARN_UNGUARDED_AVAILABILITY = YES_AGGRESSIVE;
				CLANG_WARN_UNREACHABLE_CODE = YES;
				CLANG_WARN__DUPLICATE_METHOD_MATCH = YES;
				CODE_SIGN_IDENTITY = "iPhone Developer";
				COPY_PHASE_STRIP = NO;
				DEBUG_INFORMATION_FORMAT = dwarf;
				ENABLE_STRICT_OBJC_MSGSEND = YES;
				ENABLE_TESTABILITY = YES;
				GCC_C_LANGUAGE_STANDARD = gnu11;
				GCC_DYNAMIC_NO_PIC = NO;
				GCC_NO_COMMON_BLOCKS = YES;
				GCC_OPTIMIZATION_LEVEL = 0;
				GCC_PREPROCESSOR_DEFINITIONS = (
					"DEBUG=1",
					"$(inherited)",
				);
				GCC_WARN_64_TO_32_BIT_CONVERSION = YES;
				GCC_WARN_ABOUT_RETURN_TYPE = YES_ERROR;
				GCC_WARN_UNDECLARED_SELECTOR = YES;
				GCC_WARN_UNINITIALIZED_AUTOS = YES_AGGRESSIVE;
				GCC_WARN_UNUSED_FUNCTION = YES;
				GCC_WARN_UNUSED_VARIABLE = YES;
				IPHONEOS_DEPLOYMENT_TARGET = 12.2;
				MTL_ENABLE_DEBUG_INFO = INCLUDE_SOURCE;
				MTL_FAST_MATH = YES;
				ONLY_ACTIVE_ARCH = YES;
				SDKROOT = iphoneos;
				SWIFT_ACTIVE_COMPILATION_CONDITIONS = DEBUG;
				SWIFT_OPTIMIZATION_LEVEL = "-Onone";
			};
			name = Debug;
		};
		0F2CA18C23A1B13E00986AF9 /* Release */ = {
			isa = XCBuildConfiguration;
			buildSettings = {
				ALWAYS_SEARCH_USER_PATHS = NO;
				CLANG_ANALYZER_NONNULL = YES;
				CLANG_ANALYZER_NUMBER_OBJECT_CONVERSION = YES_AGGRESSIVE;
				CLANG_CXX_LANGUAGE_STANDARD = "gnu++14";
				CLANG_CXX_LIBRARY = "libc++";
				CLANG_ENABLE_MODULES = YES;
				CLANG_ENABLE_OBJC_ARC = YES;
				CLANG_ENABLE_OBJC_WEAK = YES;
				CLANG_WARN_BLOCK_CAPTURE_AUTORELEASING = YES;
				CLANG_WARN_BOOL_CONVERSION = YES;
				CLANG_WARN_COMMA = YES;
				CLANG_WARN_CONSTANT_CONVERSION = YES;
				CLANG_WARN_DEPRECATED_OBJC_IMPLEMENTATIONS = YES;
				CLANG_WARN_DIRECT_OBJC_ISA_USAGE = YES_ERROR;
				CLANG_WARN_DOCUMENTATION_COMMENTS = YES;
				CLANG_WARN_EMPTY_BODY = YES;
				CLANG_WARN_ENUM_CONVERSION = YES;
				CLANG_WARN_INFINITE_RECURSION = YES;
				CLANG_WARN_INT_CONVERSION = YES;
				CLANG_WARN_NON_LITERAL_NULL_CONVERSION = YES;
				CLANG_WARN_OBJC_IMPLICIT_RETAIN_SELF = YES;
				CLANG_WARN_OBJC_LITERAL_CONVERSION = YES;
				CLANG_WARN_OBJC_ROOT_CLASS = YES_ERROR;
				CLANG_WARN_RANGE_LOOP_ANALYSIS = YES;
				CLANG_WARN_STRICT_PROTOTYPES = YES;
				CLANG_WARN_SUSPICIOUS_MOVE = YES;
				CLANG_WARN_UNGUARDED_AVAILABILITY = YES_AGGRESSIVE;
				CLANG_WARN_UNREACHABLE_CODE = YES;
				CLANG_WARN__DUPLICATE_METHOD_MATCH = YES;
				CODE_SIGN_IDENTITY = "iPhone Developer";
				COPY_PHASE_STRIP = NO;
				DEBUG_INFORMATION_FORMAT = "dwarf-with-dsym";
				ENABLE_NS_ASSERTIONS = NO;
				ENABLE_STRICT_OBJC_MSGSEND = YES;
				GCC_C_LANGUAGE_STANDARD = gnu11;
				GCC_NO_COMMON_BLOCKS = YES;
				GCC_WARN_64_TO_32_BIT_CONVERSION = YES;
				GCC_WARN_ABOUT_RETURN_TYPE = YES_ERROR;
				GCC_WARN_UNDECLARED_SELECTOR = YES;
				GCC_WARN_UNINITIALIZED_AUTOS = YES_AGGRESSIVE;
				GCC_WARN_UNUSED_FUNCTION = YES;
				GCC_WARN_UNUSED_VARIABLE = YES;
				IPHONEOS_DEPLOYMENT_TARGET = 12.2;
				MTL_ENABLE_DEBUG_INFO = NO;
				MTL_FAST_MATH = YES;
				SDKROOT = iphoneos;
				SWIFT_COMPILATION_MODE = wholemodule;
				SWIFT_OPTIMIZATION_LEVEL = "-O";
				VALIDATE_PRODUCT = YES;
			};
			name = Release;
		};
		0F2CA18E23A1B13E00986AF9 /* Debug */ = {
			isa = XCBuildConfiguration;
			baseConfigurationReference = 5EE48D18980C2BCC8AF903DF /* Pods-PaymentApp.debug.xcconfig */;
			buildSettings = {
				ASSETCATALOG_COMPILER_APPICON_NAME = AppIcon;
				CODE_SIGN_STYLE = Automatic;
				DEVELOPMENT_TEAM = QT76JFT465;
				INFOPLIST_FILE = PaymentApp/Info.plist;
				LD_RUNPATH_SEARCH_PATHS = (
					"$(inherited)",
					"@executable_path/Frameworks",
				);
				PRODUCT_BUNDLE_IDENTIFIER = nitsuga.dev.PaymentApp;
				PRODUCT_NAME = "$(TARGET_NAME)";
				SWIFT_VERSION = 5.0;
				TARGETED_DEVICE_FAMILY = "1,2";
			};
			name = Debug;
		};
		0F2CA18F23A1B13E00986AF9 /* Release */ = {
			isa = XCBuildConfiguration;
			baseConfigurationReference = 271B4474F267542E34327320 /* Pods-PaymentApp.release.xcconfig */;
			buildSettings = {
				ASSETCATALOG_COMPILER_APPICON_NAME = AppIcon;
				CODE_SIGN_STYLE = Automatic;
				DEVELOPMENT_TEAM = QT76JFT465;
				INFOPLIST_FILE = PaymentApp/Info.plist;
				LD_RUNPATH_SEARCH_PATHS = (
					"$(inherited)",
					"@executable_path/Frameworks",
				);
				PRODUCT_BUNDLE_IDENTIFIER = nitsuga.dev.PaymentApp;
				PRODUCT_NAME = "$(TARGET_NAME)";
				SWIFT_VERSION = 5.0;
				TARGETED_DEVICE_FAMILY = "1,2";
			};
			name = Release;
		};
/* End XCBuildConfiguration section */

/* Begin XCConfigurationList section */
		0F2CA17623A1B13D00986AF9 /* Build configuration list for PBXProject "PaymentApp" */ = {
			isa = XCConfigurationList;
			buildConfigurations = (
				0F2CA18B23A1B13E00986AF9 /* Debug */,
				0F2CA18C23A1B13E00986AF9 /* Release */,
			);
			defaultConfigurationIsVisible = 0;
			defaultConfigurationName = Release;
		};
		0F2CA18D23A1B13E00986AF9 /* Build configuration list for PBXNativeTarget "PaymentApp" */ = {
			isa = XCConfigurationList;
			buildConfigurations = (
				0F2CA18E23A1B13E00986AF9 /* Debug */,
				0F2CA18F23A1B13E00986AF9 /* Release */,
			);
			defaultConfigurationIsVisible = 0;
			defaultConfigurationName = Release;
		};
/* End XCConfigurationList section */
	};
	rootObject = 0F2CA17323A1B13D00986AF9 /* Project object */;
}
