PODS:
  - Alamofire (4.7.3)
  - Kingfisher (5.11.0):
    - Kingfisher/Core (= 5.11.0)
  - Kingfisher/Core (5.11.0)
  - ObjectMapper (3.5.1)
  - TinyConstraints (4.0.1)

DEPENDENCIES:
  - Alamofire (~> 4.7.3)
  - Kingfisher
  - ObjectMapper
  - TinyConstraints

SPEC REPOS:
  trunk:
    - Alamofire
    - Kingfisher
    - ObjectMapper
    - TinyConstraints

SPEC CHECKSUMS:
  Alamofire: c7287b6e5d7da964a70935e5db17046b7fde6568
  Kingfisher: 4569606189149e19c7d9439f47e885d0679b7a90
  ObjectMapper: 70187b8941977c62ccfb423caf6b50be405cabf0
  TinyConstraints: 8dd91295e56797648c7bc335dd20e1d91ec4c192

PODFILE CHECKSUM: 6264cedfed3d84491df979429e5122ce64acd8f3

COCOAPODS: 1.8.4
